// !$*UTF8*$!
{
	archiveVersion = 1;
	classes = {
	};
	objectVersion = 56;
	objects = {

/* Begin PBXBuildFile section */
		DF1892BB294CA97400B3EBF3 /* HeapPriorityQueue.c in Sources */ = {isa = PBXBuildFile; fileRef = DF1892BA294CA97400B3EBF3 /* HeapPriorityQueue.c */; };
/* End PBXBuildFile section */

/* Begin PBXCopyFilesBuildPhase section */
		DF1892A4294B88E100B3EBF3 /* CopyFiles */ = {
			isa = PBXCopyFilesBuildPhase;
			buildActionMask = 2147483647;
			dstPath = /usr/share/man/man1/;
			dstSubfolderSpec = 0;
			files = (
			);
			runOnlyForDeploymentPostprocessing = 1;
		};
/* End PBXCopyFilesBuildPhase section */

/* Begin PBXFileReference section */
		DF1892A6294B88E100B3EBF3 /* FinalTermExamPractice */ = {isa = PBXFileReference; explicitFileType = "compiled.mach-o.executable"; includeInIndex = 0; path = FinalTermExamPractice; sourceTree = BUILT_PRODUCTS_DIR; };
		DF1892A9294B88E100B3EBF3 /* main.c */ = {isa = PBXFileReference; lastKnownFileType = sourcecode.c.c; path = main.c; sourceTree = "<group>"; };
		DF1892B0294B891100B3EBF3 /* CircuitProgram.c */ = {isa = PBXFileReference; lastKnownFileType = sourcecode.c.c; path = CircuitProgram.c; sourceTree = "<group>"; };
		DF1892B2294B8DA800B3EBF3 /* RepeatCircuitProgram.c */ = {isa = PBXFileReference; lastKnownFileType = sourcecode.c.c; path = RepeatCircuitProgram.c; sourceTree = "<group>"; };
		DF1892B4294B931700B3EBF3 /* LevelCircuitProgram.c */ = {isa = PBXFileReference; lastKnownFileType = sourcecode.c.c; path = LevelCircuitProgram.c; sourceTree = "<group>"; };
		DF1892B6294C5F1A00B3EBF3 /* MathTree.c */ = {isa = PBXFileReference; lastKnownFileType = sourcecode.c.c; path = MathTree.c; sourceTree = "<group>"; };
		DF1892BA294CA97400B3EBF3 /* HeapPriorityQueue.c */ = {isa = PBXFileReference; lastKnownFileType = sourcecode.c.c; path = HeapPriorityQueue.c; sourceTree = "<group>"; };
/* End PBXFileReference section */

/* Begin PBXFrameworksBuildPhase section */
		DF1892A3294B88E100B3EBF3 /* Frameworks */ = {
			isa = PBXFrameworksBuildPhase;
			buildActionMask = 2147483647;
			files = (
			);
			runOnlyForDeploymentPostprocessing = 0;
		};
/* End PBXFrameworksBuildPhase section */

/* Begin PBXGroup section */
		DF18929D294B88E100B3EBF3 = {
			isa = PBXGroup;
			children = (
				DF1892A8294B88E100B3EBF3 /* FinalTermExamPractice */,
				DF1892A7294B88E100B3EBF3 /* Products */,
			);
			sourceTree = "<group>";
		};
		DF1892A7294B88E100B3EBF3 /* Products */ = {
			isa = PBXGroup;
			children = (
				DF1892A6294B88E100B3EBF3 /* FinalTermExamPractice */,
			);
			name = Products;
			sourceTree = "<group>";
		};
		DF1892A8294B88E100B3EBF3 /* FinalTermExamPractice */ = {
			isa = PBXGroup;
			children = (
				DF1892A9294B88E100B3EBF3 /* main.c */,
				DF1892B0294B891100B3EBF3 /* CircuitProgram.c */,
				DF1892B2294B8DA800B3EBF3 /* RepeatCircuitProgram.c */,
				DF1892B4294B931700B3EBF3 /* LevelCircuitProgram.c */,
				DF1892B6294C5F1A00B3EBF3 /* MathTree.c */,
				DF1892BA294CA97400B3EBF3 /* HeapPriorityQueue.c */,
			);
			path = FinalTermExamPractice;
			sourceTree = "<group>";
		};
/* End PBXGroup section */

/* Begin PBXNativeTarget section */
		DF1892A5294B88E100B3EBF3 /* FinalTermExamPractice */ = {
			isa = PBXNativeTarget;
			buildConfigurationList = DF1892AD294B88E100B3EBF3 /* Build configuration list for PBXNativeTarget "FinalTermExamPractice" */;
			buildPhases = (
				DF1892A2294B88E100B3EBF3 /* Sources */,
				DF1892A3294B88E100B3EBF3 /* Frameworks */,
				DF1892A4294B88E100B3EBF3 /* CopyFiles */,
			);
			buildRules = (
			);
			dependencies = (
			);
			name = FinalTermExamPractice;
			productName = FinalTermExamPractice;
			productReference = DF1892A6294B88E100B3EBF3 /* FinalTermExamPractice */;
			productType = "com.apple.product-type.tool";
		};
/* End PBXNativeTarget section */

/* Begin PBXProject section */
		DF18929E294B88E100B3EBF3 /* Project object */ = {
			isa = PBXProject;
			attributes = {
				BuildIndependentTargetsInParallel = 1;
				LastUpgradeCheck = 1400;
				TargetAttributes = {
					DF1892A5294B88E100B3EBF3 = {
						CreatedOnToolsVersion = 14.0;
					};
				};
			};
			buildConfigurationList = DF1892A1294B88E100B3EBF3 /* Build configuration list for PBXProject "FinalTermExamPractice" */;
			compatibilityVersion = "Xcode 14.0";
			developmentRegion = en;
			hasScannedForEncodings = 0;
			knownRegions = (
				en,
				Base,
			);
			mainGroup = DF18929D294B88E100B3EBF3;
			productRefGroup = DF1892A7294B88E100B3EBF3 /* Products */;
			projectDirPath = "";
			projectRoot = "";
			targets = (
				DF1892A5294B88E100B3EBF3 /* FinalTermExamPractice */,
			);
		};
/* End PBXProject section */

/* Begin PBXSourcesBuildPhase section */
		DF1892A2294B88E100B3EBF3 /* Sources */ = {
			isa = PBXSourcesBuildPhase;
			buildActionMask = 2147483647;
			files = (
				DF1892BB294CA97400B3EBF3 /* HeapPriorityQueue.c in Sources */,
			);
			runOnlyForDeploymentPostprocessing = 0;
		};
/* End PBXSourcesBuildPhase section */

/* Begin XCBuildConfiguration section */
		DF1892AB294B88E100B3EBF3 /* Debug */ = {
			isa = XCBuildConfiguration;
			buildSettings = {
				ALWAYS_SEARCH_USER_PATHS = NO;
				CLANG_ANALYZER_NONNULL = YES;
				CLANG_ANALYZER_NUMBER_OBJECT_CONVERSION = YES_AGGRESSIVE;
				CLANG_CXX_LANGUAGE_STANDARD = "gnu++17";
				CLANG_ENABLE_MODULES = YES;
				CLANG_ENABLE_OBJC_ARC = YES;
				CLANG_ENABLE_OBJC_WEAK = YES;
				CLANG_WARN_BLOCK_CAPTURE_AUTORELEASING = YES;
				CLANG_WARN_BOOL_CONVERSION = YES;
				CLANG_WARN_COMMA = YES;
				CLANG_WARN_CONSTANT_CONVERSION = YES;
				CLANG_WARN_DEPRECATED_OBJC_IMPLEMENTATIONS = YES;
				CLANG_WARN_DIRECT_OBJC_ISA_USAGE = YES_ERROR;
				CLANG_WARN_DOCUMENTATION_COMMENTS = YES;
				CLANG_WARN_EMPTY_BODY = YES;
				CLANG_WARN_ENUM_CONVERSION = YES;
				CLANG_WARN_INFINITE_RECURSION = YES;
				CLANG_WARN_INT_CONVERSION = YES;
				CLANG_WARN_NON_LITERAL_NULL_CONVERSION = YES;
				CLANG_WARN_OBJC_IMPLICIT_RETAIN_SELF = YES;
				CLANG_WARN_OBJC_LITERAL_CONVERSION = YES;
				CLANG_WARN_OBJC_ROOT_CLASS = YES_ERROR;
				CLANG_WARN_QUOTED_INCLUDE_IN_FRAMEWORK_HEADER = YES;
				CLANG_WARN_RANGE_LOOP_ANALYSIS = YES;
				CLANG_WARN_STRICT_PROTOTYPES = YES;
				CLANG_WARN_SUSPICIOUS_MOVE = YES;
				CLANG_WARN_UNGUARDED_AVAILABILITY = YES_AGGRESSIVE;
				CLANG_WARN_UNREACHABLE_CODE = YES;
				CLANG_WARN__DUPLICATE_METHOD_MATCH = YES;
				COPY_PHASE_STRIP = NO;
				DEBUG_INFORMATION_FORMAT = dwarf;
				ENABLE_STRICT_OBJC_MSGSEND = YES;
				ENABLE_TESTABILITY = YES;
				GCC_C_LANGUAGE_STANDARD = gnu11;
				GCC_DYNAMIC_NO_PIC = NO;
				GCC_NO_COMMON_BLOCKS = YES;
				GCC_OPTIMIZATION_LEVEL = 0;
				GCC_PREPROCESSOR_DEFINITIONS = (
					"DEBUG=1",
					"$(inherited)",
				);
				GCC_WARN_64_TO_32_BIT_CONVERSION = YES;
				GCC_WARN_ABOUT_RETURN_TYPE = YES_ERROR;
				GCC_WARN_UNDECLARED_SELECTOR = YES;
				GCC_WARN_UNINITIALIZED_AUTOS = YES_AGGRESSIVE;
				GCC_WARN_UNUSED_FUNCTION = YES;
				GCC_WARN_UNUSED_VARIABLE = YES;
				MACOSX_DEPLOYMENT_TARGET = 13.0;
				MTL_ENABLE_DEBUG_INFO = INCLUDE_SOURCE;
				MTL_FAST_MATH = YES;
				ONLY_ACTIVE_ARCH = YES;
				SDKROOT = macosx;
			};
			name = Debug;
		};
		DF1892AC294B88E100B3EBF3 /* Release */ = {
			isa = XCBuildConfiguration;
			buildSettings = {
				ALWAYS_SEARCH_USER_PATHS = NO;
				CLANG_ANALYZER_NONNULL = YES;
				CLANG_ANALYZER_NUMBER_OBJECT_CONVERSION = YES_AGGRESSIVE;
				CLANG_CXX_LANGUAGE_STANDARD = "gnu++17";
				CLANG_ENABLE_MODULES = YES;
				CLANG_ENABLE_OBJC_ARC = YES;
				CLANG_ENABLE_OBJC_WEAK = YES;
				CLANG_WARN_BLOCK_CAPTURE_AUTORELEASING = YES;
				CLANG_WARN_BOOL_CONVERSION = YES;
				CLANG_WARN_COMMA = YES;
				CLANG_WARN_CONSTANT_CONVERSION = YES;
				CLANG_WARN_DEPRECATED_OBJC_IMPLEMENTATIONS = YES;
				CLANG_WARN_DIRECT_OBJC_ISA_USAGE = YES_ERROR;
				CLANG_WARN_DOCUMENTATION_COMMENTS = YES;
				CLANG_WARN_EMPTY_BODY = YES;
				CLANG_WARN_ENUM_CONVERSION = YES;
				CLANG_WARN_INFINITE_RECURSION = YES;
				CLANG_WARN_INT_CONVERSION = YES;
				CLANG_WARN_NON_LITERAL_NULL_CONVERSION = YES;
				CLANG_WARN_OBJC_IMPLICIT_RETAIN_SELF = YES;
				CLANG_WARN_OBJC_LITERAL_CONVERSION = YES;
				CLANG_WARN_OBJC_ROOT_CLASS = YES_ERROR;
				CLANG_WARN_QUOTED_INCLUDE_IN_FRAMEWORK_HEADER = YES;
				CLANG_WARN_RANGE_LOOP_ANALYSIS = YES;
				CLANG_WARN_STRICT_PROTOTYPES = YES;
				CLANG_WARN_SUSPICIOUS_MOVE = YES;
				CLANG_WARN_UNGUARDED_AVAILABILITY = YES_AGGRESSIVE;
				CLANG_WARN_UNREACHABLE_CODE = YES;
				CLANG_WARN__DUPLICATE_METHOD_MATCH = YES;
				COPY_PHASE_STRIP = NO;
				DEBUG_INFORMATION_FORMAT = "dwarf-with-dsym";
				ENABLE_NS_ASSERTIONS = NO;
				ENABLE_STRICT_OBJC_MSGSEND = YES;
				GCC_C_LANGUAGE_STANDARD = gnu11;
				GCC_NO_COMMON_BLOCKS = YES;
				GCC_WARN_64_TO_32_BIT_CONVERSION = YES;
				GCC_WARN_ABOUT_RETURN_TYPE = YES_ERROR;
				GCC_WARN_UNDECLARED_SELECTOR = YES;
				GCC_WARN_UNINITIALIZED_AUTOS = YES_AGGRESSIVE;
				GCC_WARN_UNUSED_FUNCTION = YES;
				GCC_WARN_UNUSED_VARIABLE = YES;
				MACOSX_DEPLOYMENT_TARGET = 13.0;
				MTL_ENABLE_DEBUG_INFO = NO;
				MTL_FAST_MATH = YES;
				SDKROOT = macosx;
			};
			name = Release;
		};
		DF1892AE294B88E100B3EBF3 /* Debug */ = {
			isa = XCBuildConfiguration;
			buildSettings = {
				CODE_SIGN_STYLE = Automatic;
				PRODUCT_NAME = "$(TARGET_NAME)";
			};
			name = Debug;
		};
		DF1892AF294B88E100B3EBF3 /* Release */ = {
			isa = XCBuildConfiguration;
			buildSettings = {
				CODE_SIGN_STYLE = Automatic;
				PRODUCT_NAME = "$(TARGET_NAME)";
			};
			name = Release;
		};
/* End XCBuildConfiguration section */

/* Begin XCConfigurationList section */
		DF1892A1294B88E100B3EBF3 /* Build configuration list for PBXProject "FinalTermExamPractice" */ = {
			isa = XCConfigurationList;
			buildConfigurations = (
				DF1892AB294B88E100B3EBF3 /* Debug */,
				DF1892AC294B88E100B3EBF3 /* Release */,
			);
			defaultConfigurationIsVisible = 0;
			defaultConfigurationName = Release;
		};
		DF1892AD294B88E100B3EBF3 /* Build configuration list for PBXNativeTarget "FinalTermExamPractice" */ = {
			isa = XCConfigurationList;
			buildConfigurations = (
				DF1892AE294B88E100B3EBF3 /* Debug */,
				DF1892AF294B88E100B3EBF3 /* Release */,
			);
			defaultConfigurationIsVisible = 0;
			defaultConfigurationName = Release;
		};
/* End XCConfigurationList section */
	};
	rootObject = DF18929E294B88E100B3EBF3 /* Project object */;
}
