// !$*UTF8*$!
{
	archiveVersion = 1;
	classes = {
	};
	objectVersion = 56;
	objects = {

/* Begin PBXBuildFile section */
		DF04293428DC2D200005FDD3 /* ReverseString(No.6).c in Sources */ = {isa = PBXBuildFile; fileRef = DF04293328DC2D200005FDD3 /* ReverseString(No.6).c */; };
/* End PBXBuildFile section */

/* Begin PBXCopyFilesBuildPhase section */
		DF965C8128D972CD00DF1FDD /* CopyFiles */ = {
			isa = PBXCopyFilesBuildPhase;
			buildActionMask = 2147483647;
			dstPath = /usr/share/man/man1/;
			dstSubfolderSpec = 0;
			files = (
			);
			runOnlyForDeploymentPostprocessing = 1;
		};
/* End PBXCopyFilesBuildPhase section */

/* Begin PBXFileReference section */
		DF04293328DC2D200005FDD3 /* ReverseString(No.6).c */ = {isa = PBXFileReference; lastKnownFileType = sourcecode.c.c; path = "ReverseString(No.6).c"; sourceTree = "<group>"; };
		DF965C8328D972CD00DF1FDD /* Week_3 */ = {isa = PBXFileReference; explicitFileType = "compiled.mach-o.executable"; includeInIndex = 0; path = Week_3; sourceTree = BUILT_PRODUCTS_DIR; };
		DF965C8628D972CD00DF1FDD /* main.c */ = {isa = PBXFileReference; lastKnownFileType = sourcecode.c.c; path = main.c; sourceTree = "<group>"; };
		DF965C8D28D972E300DF1FDD /* SumToA(No.1).c */ = {isa = PBXFileReference; lastKnownFileType = sourcecode.c.c; path = "SumToA(No.1).c"; sourceTree = "<group>"; };
		DF965C8F28D9732C00DF1FDD /* MaxNum(No.2).c */ = {isa = PBXFileReference; lastKnownFileType = sourcecode.c.c; path = "MaxNum(No.2).c"; sourceTree = "<group>"; };
		DF965C9128D9737700DF1FDD /* RecursiveFunction(No.3).c */ = {isa = PBXFileReference; lastKnownFileType = sourcecode.c.c; path = "RecursiveFunction(No.3).c"; sourceTree = "<group>"; };
		DF965C9328D973BB00DF1FDD /* GroupSequence(No.4).c */ = {isa = PBXFileReference; lastKnownFileType = sourcecode.c.c; path = "GroupSequence(No.4).c"; sourceTree = "<group>"; };
		DF9D017028D9772A00C53F77 /* PrintStar(No.5).c */ = {isa = PBXFileReference; lastKnownFileType = sourcecode.c.c; path = "PrintStar(No.5).c"; sourceTree = "<group>"; };
/* End PBXFileReference section */

/* Begin PBXFrameworksBuildPhase section */
		DF965C8028D972CD00DF1FDD /* Frameworks */ = {
			isa = PBXFrameworksBuildPhase;
			buildActionMask = 2147483647;
			files = (
			);
			runOnlyForDeploymentPostprocessing = 0;
		};
/* End PBXFrameworksBuildPhase section */

/* Begin PBXGroup section */
		DF965C7A28D972CD00DF1FDD = {
			isa = PBXGroup;
			children = (
				DF965C8528D972CD00DF1FDD /* Week_3 */,
				DF965C8428D972CD00DF1FDD /* Products */,
			);
			sourceTree = "<group>";
		};
		DF965C8428D972CD00DF1FDD /* Products */ = {
			isa = PBXGroup;
			children = (
				DF965C8328D972CD00DF1FDD /* Week_3 */,
			);
			name = Products;
			sourceTree = "<group>";
		};
		DF965C8528D972CD00DF1FDD /* Week_3 */ = {
			isa = PBXGroup;
			children = (
				DF965C8628D972CD00DF1FDD /* main.c */,
				DF965C8D28D972E300DF1FDD /* SumToA(No.1).c */,
				DF965C8F28D9732C00DF1FDD /* MaxNum(No.2).c */,
				DF965C9128D9737700DF1FDD /* RecursiveFunction(No.3).c */,
				DF965C9328D973BB00DF1FDD /* GroupSequence(No.4).c */,
				DF9D017028D9772A00C53F77 /* PrintStar(No.5).c */,
				DF04293328DC2D200005FDD3 /* ReverseString(No.6).c */,
			);
			path = Week_3;
			sourceTree = "<group>";
		};
/* End PBXGroup section */

/* Begin PBXNativeTarget section */
		DF965C8228D972CD00DF1FDD /* Week_3 */ = {
			isa = PBXNativeTarget;
			buildConfigurationList = DF965C8A28D972CD00DF1FDD /* Build configuration list for PBXNativeTarget "Week_3" */;
			buildPhases = (
				DF965C7F28D972CD00DF1FDD /* Sources */,
				DF965C8028D972CD00DF1FDD /* Frameworks */,
				DF965C8128D972CD00DF1FDD /* CopyFiles */,
			);
			buildRules = (
			);
			dependencies = (
			);
			name = Week_3;
			productName = Week_3;
			productReference = DF965C8328D972CD00DF1FDD /* Week_3 */;
			productType = "com.apple.product-type.tool";
		};
/* End PBXNativeTarget section */

/* Begin PBXProject section */
		DF965C7B28D972CD00DF1FDD /* Project object */ = {
			isa = PBXProject;
			attributes = {
				BuildIndependentTargetsInParallel = 1;
				LastUpgradeCheck = 1400;
				TargetAttributes = {
					DF965C8228D972CD00DF1FDD = {
						CreatedOnToolsVersion = 14.0;
					};
				};
			};
			buildConfigurationList = DF965C7E28D972CD00DF1FDD /* Build configuration list for PBXProject "Week_3" */;
			compatibilityVersion = "Xcode 14.0";
			developmentRegion = en;
			hasScannedForEncodings = 0;
			knownRegions = (
				en,
				Base,
			);
			mainGroup = DF965C7A28D972CD00DF1FDD;
			productRefGroup = DF965C8428D972CD00DF1FDD /* Products */;
			projectDirPath = "";
			projectRoot = "";
			targets = (
				DF965C8228D972CD00DF1FDD /* Week_3 */,
			);
		};
/* End PBXProject section */

/* Begin PBXSourcesBuildPhase section */
		DF965C7F28D972CD00DF1FDD /* Sources */ = {
			isa = PBXSourcesBuildPhase;
			buildActionMask = 2147483647;
			files = (
				DF04293428DC2D200005FDD3 /* ReverseString(No.6).c in Sources */,
			);
			runOnlyForDeploymentPostprocessing = 0;
		};
/* End PBXSourcesBuildPhase section */

/* Begin XCBuildConfiguration section */
		DF965C8828D972CD00DF1FDD /* Debug */ = {
			isa = XCBuildConfiguration;
			buildSettings = {
				ALWAYS_SEARCH_USER_PATHS = NO;
				CLANG_ANALYZER_NONNULL = YES;
				CLANG_ANALYZER_NUMBER_OBJECT_CONVERSION = YES_AGGRESSIVE;
				CLANG_CXX_LANGUAGE_STANDARD = "gnu++17";
				CLANG_ENABLE_MODULES = YES;
				CLANG_ENABLE_OBJC_ARC = YES;
				CLANG_ENABLE_OBJC_WEAK = YES;
				CLANG_WARN_BLOCK_CAPTURE_AUTORELEASING = YES;
				CLANG_WARN_BOOL_CONVERSION = YES;
				CLANG_WARN_COMMA = YES;
				CLANG_WARN_CONSTANT_CONVERSION = YES;
				CLANG_WARN_DEPRECATED_OBJC_IMPLEMENTATIONS = YES;
				CLANG_WARN_DIRECT_OBJC_ISA_USAGE = YES_ERROR;
				CLANG_WARN_DOCUMENTATION_COMMENTS = YES;
				CLANG_WARN_EMPTY_BODY = YES;
				CLANG_WARN_ENUM_CONVERSION = YES;
				CLANG_WARN_INFINITE_RECURSION = YES;
				CLANG_WARN_INT_CONVERSION = YES;
				CLANG_WARN_NON_LITERAL_NULL_CONVERSION = YES;
				CLANG_WARN_OBJC_IMPLICIT_RETAIN_SELF = YES;
				CLANG_WARN_OBJC_LITERAL_CONVERSION = YES;
				CLANG_WARN_OBJC_ROOT_CLASS = YES_ERROR;
				CLANG_WARN_QUOTED_INCLUDE_IN_FRAMEWORK_HEADER = YES;
				CLANG_WARN_RANGE_LOOP_ANALYSIS = YES;
				CLANG_WARN_STRICT_PROTOTYPES = YES;
				CLANG_WARN_SUSPICIOUS_MOVE = YES;
				CLANG_WARN_UNGUARDED_AVAILABILITY = YES_AGGRESSIVE;
				CLANG_WARN_UNREACHABLE_CODE = YES;
				CLANG_WARN__DUPLICATE_METHOD_MATCH = YES;
				COPY_PHASE_STRIP = NO;
				DEBUG_INFORMATION_FORMAT = dwarf;
				ENABLE_STRICT_OBJC_MSGSEND = YES;
				ENABLE_TESTABILITY = YES;
				GCC_C_LANGUAGE_STANDARD = gnu11;
				GCC_DYNAMIC_NO_PIC = NO;
				GCC_NO_COMMON_BLOCKS = YES;
				GCC_OPTIMIZATION_LEVEL = 0;
				GCC_PREPROCESSOR_DEFINITIONS = (
					"DEBUG=1",
					"$(inherited)",
				);
				GCC_WARN_64_TO_32_BIT_CONVERSION = YES;
				GCC_WARN_ABOUT_RETURN_TYPE = YES_ERROR;
				GCC_WARN_UNDECLARED_SELECTOR = YES;
				GCC_WARN_UNINITIALIZED_AUTOS = YES_AGGRESSIVE;
				GCC_WARN_UNUSED_FUNCTION = YES;
				GCC_WARN_UNUSED_VARIABLE = YES;
				MACOSX_DEPLOYMENT_TARGET = 12.4;
				MTL_ENABLE_DEBUG_INFO = INCLUDE_SOURCE;
				MTL_FAST_MATH = YES;
				ONLY_ACTIVE_ARCH = YES;
				SDKROOT = macosx;
			};
			name = Debug;
		};
		DF965C8928D972CD00DF1FDD /* Release */ = {
			isa = XCBuildConfiguration;
			buildSettings = {
				ALWAYS_SEARCH_USER_PATHS = NO;
				CLANG_ANALYZER_NONNULL = YES;
				CLANG_ANALYZER_NUMBER_OBJECT_CONVERSION = YES_AGGRESSIVE;
				CLANG_CXX_LANGUAGE_STANDARD = "gnu++17";
				CLANG_ENABLE_MODULES = YES;
				CLANG_ENABLE_OBJC_ARC = YES;
				CLANG_ENABLE_OBJC_WEAK = YES;
				CLANG_WARN_BLOCK_CAPTURE_AUTORELEASING = YES;
				CLANG_WARN_BOOL_CONVERSION = YES;
				CLANG_WARN_COMMA = YES;
				CLANG_WARN_CONSTANT_CONVERSION = YES;
				CLANG_WARN_DEPRECATED_OBJC_IMPLEMENTATIONS = YES;
				CLANG_WARN_DIRECT_OBJC_ISA_USAGE = YES_ERROR;
				CLANG_WARN_DOCUMENTATION_COMMENTS = YES;
				CLANG_WARN_EMPTY_BODY = YES;
				CLANG_WARN_ENUM_CONVERSION = YES;
				CLANG_WARN_INFINITE_RECURSION = YES;
				CLANG_WARN_INT_CONVERSION = YES;
				CLANG_WARN_NON_LITERAL_NULL_CONVERSION = YES;
				CLANG_WARN_OBJC_IMPLICIT_RETAIN_SELF = YES;
				CLANG_WARN_OBJC_LITERAL_CONVERSION = YES;
				CLANG_WARN_OBJC_ROOT_CLASS = YES_ERROR;
				CLANG_WARN_QUOTED_INCLUDE_IN_FRAMEWORK_HEADER = YES;
				CLANG_WARN_RANGE_LOOP_ANALYSIS = YES;
				CLANG_WARN_STRICT_PROTOTYPES = YES;
				CLANG_WARN_SUSPICIOUS_MOVE = YES;
				CLANG_WARN_UNGUARDED_AVAILABILITY = YES_AGGRESSIVE;
				CLANG_WARN_UNREACHABLE_CODE = YES;
				CLANG_WARN__DUPLICATE_METHOD_MATCH = YES;
				COPY_PHASE_STRIP = NO;
				DEBUG_INFORMATION_FORMAT = "dwarf-with-dsym";
				ENABLE_NS_ASSERTIONS = NO;
				ENABLE_STRICT_OBJC_MSGSEND = YES;
				GCC_C_LANGUAGE_STANDARD = gnu11;
				GCC_NO_COMMON_BLOCKS = YES;
				GCC_WARN_64_TO_32_BIT_CONVERSION = YES;
				GCC_WARN_ABOUT_RETURN_TYPE = YES_ERROR;
				GCC_WARN_UNDECLARED_SELECTOR = YES;
				GCC_WARN_UNINITIALIZED_AUTOS = YES_AGGRESSIVE;
				GCC_WARN_UNUSED_FUNCTION = YES;
				GCC_WARN_UNUSED_VARIABLE = YES;
				MACOSX_DEPLOYMENT_TARGET = 12.4;
				MTL_ENABLE_DEBUG_INFO = NO;
				MTL_FAST_MATH = YES;
				SDKROOT = macosx;
			};
			name = Release;
		};
		DF965C8B28D972CD00DF1FDD /* Debug */ = {
			isa = XCBuildConfiguration;
			buildSettings = {
				CODE_SIGN_STYLE = Automatic;
				PRODUCT_NAME = "$(TARGET_NAME)";
			};
			name = Debug;
		};
		DF965C8C28D972CD00DF1FDD /* Release */ = {
			isa = XCBuildConfiguration;
			buildSettings = {
				CODE_SIGN_STYLE = Automatic;
				PRODUCT_NAME = "$(TARGET_NAME)";
			};
			name = Release;
		};
/* End XCBuildConfiguration section */

/* Begin XCConfigurationList section */
		DF965C7E28D972CD00DF1FDD /* Build configuration list for PBXProject "Week_3" */ = {
			isa = XCConfigurationList;
			buildConfigurations = (
				DF965C8828D972CD00DF1FDD /* Debug */,
				DF965C8928D972CD00DF1FDD /* Release */,
			);
			defaultConfigurationIsVisible = 0;
			defaultConfigurationName = Release;
		};
		DF965C8A28D972CD00DF1FDD /* Build configuration list for PBXNativeTarget "Week_3" */ = {
			isa = XCConfigurationList;
			buildConfigurations = (
				DF965C8B28D972CD00DF1FDD /* Debug */,
				DF965C8C28D972CD00DF1FDD /* Release */,
			);
			defaultConfigurationIsVisible = 0;
			defaultConfigurationName = Release;
		};
/* End XCConfigurationList section */
	};
	rootObject = DF965C7B28D972CD00DF1FDD /* Project object */;
}
